
Microsoft Visual Studio Solution File, Format Version 12.00
# Visual Studio Express 2012 for Windows Desktop
Project("{8BC9CEB8-8B4A-11D0-8D11-00A0C91BC942}") = "CFoxyUtil", "CFoxyUtil\CFoxyUtil.vcxproj", "{F5AA5C83-11F5-4596-830B-338C5DB13827}"
EndProject
Global
	GlobalSection(SolutionConfigurationPlatforms) = preSolution
		Debug|Win32 = Debug|Win32
		Debug|x64 = Debug|x64
		Release|Win32 = Release|Win32
		Release|x64 = Release|x64
	EndGlobalSection
	GlobalSection(ProjectConfigurationPlatforms) = postSolution
		{F5AA5C83-11F5-4596-830B-338C5DB13827}.Debug|Win32.ActiveCfg = Debug|Win32
		{F5AA5C83-11F5-4596-830B-338C5DB13827}.Debug|Win32.Build.0 = Debug|Win32
		{F5AA5C83-11F5-4596-830B-338C5DB13827}.Debug|x64.ActiveCfg = Debug|x64
		{F5AA5C83-11F5-4596-830B-338C5DB13827}.Debug|x64.Build.0 = Debug|x64
		{F5AA5C83-11F5-4596-830B-338C5DB13827}.Release|Win32.ActiveCfg = Release|Win32
		{F5AA5C83-11F5-4596-830B-338C5DB13827}.Release|Win32.Build.0 = Release|Win32
		{F5AA5C83-11F5-4596-830B-338C5DB13827}.Release|x64.ActiveCfg = Release|x64
		{F5AA5C83-11F5-4596-830B-338C5DB13827}.Release|x64.Build.0 = Release|x64
	EndGlobalSection
	GlobalSection(SolutionProperties) = preSolution
		HideSolutionNode = FALSE
	EndGlobalSection
EndGlobal
